
Microsoft Visual Studio Solution File, Format Version 12.00
Project("{FAE04EC0-301F-11D3-BF4B-00C04F79EFBC}") = "NaughtyRequest", "NaughtyRequest\NaughtyRequest.csproj", "{08E959CF-F6E8-4A01-84F1-FB00C164BFD0}"
EndProject
Global
	GlobalSection(SolutionConfigurationPlatforms) = preSolution
		Debug|Any CPU = Debug|Any CPU
		Release|Any CPU = Release|Any CPU
	EndGlobalSection
	GlobalSection(ProjectConfigurationPlatforms) = postSolution
		{08E959CF-F6E8-4A01-84F1-FB00C164BFD0}.Debug|Any CPU.ActiveCfg = Debug|Any CPU
		{08E959CF-F6E8-4A01-84F1-FB00C164BFD0}.Debug|Any CPU.Build.0 = Debug|Any CPU
		{08E959CF-F6E8-4A01-84F1-FB00C164BFD0}.Release|Any CPU.ActiveCfg = Release|Any CPU
		{08E959CF-F6E8-4A01-84F1-FB00C164BFD0}.Release|Any CPU.Build.0 = Release|Any CPU
	EndGlobalSection
EndGlobal
